
Microsoft Visual Studio Solution File, Format Version 12.00
# Visual Studio Version 16
VisualStudioVersion = 16.0.31727.386
MinimumVisualStudioVersion = 10.0.40219.1
Project("{8BC9CEB8-8B4A-11D0-8D11-00A0C91BC942}") = "main", "main\main.vcxproj", "{FE525C30-F4F3-4953-9BD5-F4034F3795CF}"
EndProject
Global
	GlobalSection(SolutionConfigurationPlatforms) = preSolution
		Debug|x64 = Debug|x64
		Debug|x86 = Debug|x86
		Release|x64 = Release|x64
		Release|x86 = Release|x86
	EndGlobalSection
	GlobalSection(ProjectConfigurationPlatforms) = postSolution
		{FE525C30-F4F3-4953-9BD5-F4034F3795CF}.Debug|x64.ActiveCfg = Debug|x64
		{FE525C30-F4F3-4953-9BD5-F4034F3795CF}.Debug|x64.Build.0 = Debug|x64
		{FE525C30-F4F3-4953-9BD5-F4034F3795CF}.Debug|x86.ActiveCfg = Debug|Win32
		{FE525C30-F4F3-4953-9BD5-F4034F3795CF}.Debug|x86.Build.0 = Debug|Win32
		{FE525C30-F4F3-4953-9BD5-F4034F3795CF}.Release|x64.ActiveCfg = Release|x64
		{FE525C30-F4F3-4953-9BD5-F4034F3795CF}.Release|x64.Build.0 = Release|x64
		{FE525C30-F4F3-4953-9BD5-F4034F3795CF}.Release|x86.ActiveCfg = Release|Win32
		{FE525C30-F4F3-4953-9BD5-F4034F3795CF}.Release|x86.Build.0 = Release|Win32
	EndGlobalSection
	GlobalSection(SolutionProperties) = preSolution
		HideSolutionNode = FALSE
	EndGlobalSection
	GlobalSection(ExtensibilityGlobals) = postSolution
		SolutionGuid = {0B6EA103-A5E4-436B-970B-B492CB6C981E}
	EndGlobalSection
EndGlobal
